// !$*UTF8*$!
{
	archiveVersion = 1;
	classes = {
	};
	objectVersion = 50;
	objects = {

/* Begin PBXBuildFile section */
		35EAE42B268341EF00122B00 /* DataModel_8_2App.swift in Sources */ = {isa = PBXBuildFile; fileRef = 35EAE42A268341EF00122B00 /* DataModel_8_2App.swift */; };
		35EAE42D268341EF00122B00 /* ContentView.swift in Sources */ = {isa = PBXBuildFile; fileRef = 35EAE42C268341EF00122B00 /* ContentView.swift */; };
		35EAE42F268341F100122B00 /* Assets.xcassets in Resources */ = {isa = PBXBuildFile; fileRef = 35EAE42E268341F100122B00 /* Assets.xcassets */; };
		35EAE432268341F100122B00 /* Preview Assets.xcassets in Resources */ = {isa = PBXBuildFile; fileRef = 35EAE431268341F100122B00 /* Preview Assets.xcassets */; };
		35EAE43D268341F100122B00 /* DataModel_8_2Tests.swift in Sources */ = {isa = PBXBuildFile; fileRef = 35EAE43C268341F100122B00 /* DataModel_8_2Tests.swift */; };
		35EAE448268341F100122B00 /* DataModel_8_2UITests.swift in Sources */ = {isa = PBXBuildFile; fileRef = 35EAE447268341F100122B00 /* DataModel_8_2UITests.swift */; };
/* End PBXBuildFile section */

/* Begin PBXContainerItemProxy section */
		35EAE439268341F100122B00 /* PBXContainerItemProxy */ = {
			isa = PBXContainerItemProxy;
			containerPortal = 35EAE41F268341EF00122B00 /* Project object */;
			proxyType = 1;
			remoteGlobalIDString = 35EAE426268341EF00122B00;
			remoteInfo = "DataModel#8.2";
		};
		35EAE444268341F100122B00 /* PBXContainerItemProxy */ = {
			isa = PBXContainerItemProxy;
			containerPortal = 35EAE41F268341EF00122B00 /* Project object */;
			proxyType = 1;
			remoteGlobalIDString = 35EAE426268341EF00122B00;
			remoteInfo = "DataModel#8.2";
		};
/* End PBXContainerItemProxy section */

/* Begin PBXFileReference section */
		35EAE427268341EF00122B00 /* DataModel#8.2.app */ = {isa = PBXFileReference; explicitFileType = wrapper.application; includeInIndex = 0; path = "DataModel#8.2.app"; sourceTree = BUILT_PRODUCTS_DIR; };
		35EAE42A268341EF00122B00 /* DataModel_8_2App.swift */ = {isa = PBXFileReference; lastKnownFileType = sourcecode.swift; path = DataModel_8_2App.swift; sourceTree = "<group>"; };
		35EAE42C268341EF00122B00 /* ContentView.swift */ = {isa = PBXFileReference; lastKnownFileType = sourcecode.swift; path = ContentView.swift; sourceTree = "<group>"; };
		35EAE42E268341F100122B00 /* Assets.xcassets */ = {isa = PBXFileReference; lastKnownFileType = folder.assetcatalog; path = Assets.xcassets; sourceTree = "<group>"; };
		35EAE431268341F100122B00 /* Preview Assets.xcassets */ = {isa = PBXFileReference; lastKnownFileType = folder.assetcatalog; path = "Preview Assets.xcassets"; sourceTree = "<group>"; };
		35EAE433268341F100122B00 /* Info.plist */ = {isa = PBXFileReference; lastKnownFileType = text.plist.xml; path = Info.plist; sourceTree = "<group>"; };
		35EAE438268341F100122B00 /* DataModel#8.2Tests.xctest */ = {isa = PBXFileReference; explicitFileType = wrapper.cfbundle; includeInIndex = 0; path = "DataModel#8.2Tests.xctest"; sourceTree = BUILT_PRODUCTS_DIR; };
		35EAE43C268341F100122B00 /* DataModel_8_2Tests.swift */ = {isa = PBXFileReference; lastKnownFileType = sourcecode.swift; path = DataModel_8_2Tests.swift; sourceTree = "<group>"; };
		35EAE43E268341F100122B00 /* Info.plist */ = {isa = PBXFileReference; lastKnownFileType = text.plist.xml; path = Info.plist; sourceTree = "<group>"; };
		35EAE443268341F100122B00 /* DataModel#8.2UITests.xctest */ = {isa = PBXFileReference; explicitFileType = wrapper.cfbundle; includeInIndex = 0; path = "DataModel#8.2UITests.xctest"; sourceTree = BUILT_PRODUCTS_DIR; };
		35EAE447268341F100122B00 /* DataModel_8_2UITests.swift */ = {isa = PBXFileReference; lastKnownFileType = sourcecode.swift; path = DataModel_8_2UITests.swift; sourceTree = "<group>"; };
		35EAE449268341F100122B00 /* Info.plist */ = {isa = PBXFileReference; lastKnownFileType = text.plist.xml; path = Info.plist; sourceTree = "<group>"; };
/* End PBXFileReference section */

/* Begin PBXFrameworksBuildPhase section */
		35EAE424268341EF00122B00 /* Frameworks */ = {
			isa = PBXFrameworksBuildPhase;
			buildActionMask = 2147483647;
			files = (
			);
			runOnlyForDeploymentPostprocessing = 0;
		};
		35EAE435268341F100122B00 /* Frameworks */ = {
			isa = PBXFrameworksBuildPhase;
			buildActionMask = 2147483647;
			files = (
			);
			runOnlyForDeploymentPostprocessing = 0;
		};
		35EAE440268341F100122B00 /* Frameworks */ = {
			isa = PBXFrameworksBuildPhase;
			buildActionMask = 2147483647;
			files = (
			);
			runOnlyForDeploymentPostprocessing = 0;
		};
/* End PBXFrameworksBuildPhase section */

/* Begin PBXGroup section */
		35EAE41E268341EF00122B00 = {
			isa = PBXGroup;
			children = (
				35EAE429268341EF00122B00 /* DataModel#8.2 */,
				35EAE43B268341F100122B00 /* DataModel#8.2Tests */,
				35EAE446268341F100122B00 /* DataModel#8.2UITests */,
				35EAE428268341EF00122B00 /* Products */,
			);
			sourceTree = "<group>";
		};
		35EAE428268341EF00122B00 /* Products */ = {
			isa = PBXGroup;
			children = (
				35EAE427268341EF00122B00 /* DataModel#8.2.app */,
				35EAE438268341F100122B00 /* DataModel#8.2Tests.xctest */,
				35EAE443268341F100122B00 /* DataModel#8.2UITests.xctest */,
			);
			name = Products;
			sourceTree = "<group>";
		};
		35EAE429268341EF00122B00 /* DataModel#8.2 */ = {
			isa = PBXGroup;
			children = (
				35EAE42A268341EF00122B00 /* DataModel_8_2App.swift */,
				35EAE42C268341EF00122B00 /* ContentView.swift */,
				35EAE42E268341F100122B00 /* Assets.xcassets */,
				35EAE433268341F100122B00 /* Info.plist */,
				35EAE430268341F100122B00 /* Preview Content */,
			);
			path = "DataModel#8.2";
			sourceTree = "<group>";
		};
		35EAE430268341F100122B00 /* Preview Content */ = {
			isa = PBXGroup;
			children = (
				35EAE431268341F100122B00 /* Preview Assets.xcassets */,
			);
			path = "Preview Content";
			sourceTree = "<group>";
		};
		35EAE43B268341F100122B00 /* DataModel#8.2Tests */ = {
			isa = PBXGroup;
			children = (
				35EAE43C268341F100122B00 /* DataModel_8_2Tests.swift */,
				35EAE43E268341F100122B00 /* Info.plist */,
			);
			path = "DataModel#8.2Tests";
			sourceTree = "<group>";
		};
		35EAE446268341F100122B00 /* DataModel#8.2UITests */ = {
			isa = PBXGroup;
			children = (
				35EAE447268341F100122B00 /* DataModel_8_2UITests.swift */,
				35EAE449268341F100122B00 /* Info.plist */,
			);
			path = "DataModel#8.2UITests";
			sourceTree = "<group>";
		};
/* End PBXGroup section */

/* Begin PBXNativeTarget section */
		35EAE426268341EF00122B00 /* DataModel#8.2 */ = {
			isa = PBXNativeTarget;
			buildConfigurationList = 35EAE44C268341F100122B00 /* Build configuration list for PBXNativeTarget "DataModel#8.2" */;
			buildPhases = (
				35EAE423268341EF00122B00 /* Sources */,
				35EAE424268341EF00122B00 /* Frameworks */,
				35EAE425268341EF00122B00 /* Resources */,
			);
			buildRules = (
			);
			dependencies = (
			);
			name = "DataModel#8.2";
			productName = "DataModel#8.2";
			productReference = 35EAE427268341EF00122B00 /* DataModel#8.2.app */;
			productType = "com.apple.product-type.application";
		};
		35EAE437268341F100122B00 /* DataModel#8.2Tests */ = {
			isa = PBXNativeTarget;
			buildConfigurationList = 35EAE44F268341F100122B00 /* Build configuration list for PBXNativeTarget "DataModel#8.2Tests" */;
			buildPhases = (
				35EAE434268341F100122B00 /* Sources */,
				35EAE435268341F100122B00 /* Frameworks */,
				35EAE436268341F100122B00 /* Resources */,
			);
			buildRules = (
			);
			dependencies = (
				35EAE43A268341F100122B00 /* PBXTargetDependency */,
			);
			name = "DataModel#8.2Tests";
			productName = "DataModel#8.2Tests";
			productReference = 35EAE438268341F100122B00 /* DataModel#8.2Tests.xctest */;
			productType = "com.apple.product-type.bundle.unit-test";
		};
		35EAE442268341F100122B00 /* DataModel#8.2UITests */ = {
			isa = PBXNativeTarget;
			buildConfigurationList = 35EAE452268341F100122B00 /* Build configuration list for PBXNativeTarget "DataModel#8.2UITests" */;
			buildPhases = (
				35EAE43F268341F100122B00 /* Sources */,
				35EAE440268341F100122B00 /* Frameworks */,
				35EAE441268341F100122B00 /* Resources */,
			);
			buildRules = (
			);
			dependencies = (
				35EAE445268341F100122B00 /* PBXTargetDependency */,
			);
			name = "DataModel#8.2UITests";
			productName = "DataModel#8.2UITests";
			productReference = 35EAE443268341F100122B00 /* DataModel#8.2UITests.xctest */;
			productType = "com.apple.product-type.bundle.ui-testing";
		};
/* End PBXNativeTarget section */

/* Begin PBXProject section */
		35EAE41F268341EF00122B00 /* Project object */ = {
			isa = PBXProject;
			attributes = {
				LastSwiftUpdateCheck = 1250;
				LastUpgradeCheck = 1250;
				TargetAttributes = {
					35EAE426268341EF00122B00 = {
						CreatedOnToolsVersion = 12.5.1;
					};
					35EAE437268341F100122B00 = {
						CreatedOnToolsVersion = 12.5.1;
						TestTargetID = 35EAE426268341EF00122B00;
					};
					35EAE442268341F100122B00 = {
						CreatedOnToolsVersion = 12.5.1;
						TestTargetID = 35EAE426268341EF00122B00;
					};
				};
			};
			buildConfigurationList = 35EAE422268341EF00122B00 /* Build configuration list for PBXProject "DataModel#8.2" */;
			compatibilityVersion = "Xcode 9.3";
			developmentRegion = en;
			hasScannedForEncodings = 0;
			knownRegions = (
				en,
				Base,
			);
			mainGroup = 35EAE41E268341EF00122B00;
			productRefGroup = 35EAE428268341EF00122B00 /* Products */;
			projectDirPath = "";
			projectRoot = "";
			targets = (
				35EAE426268341EF00122B00 /* DataModel#8.2 */,
				35EAE437268341F100122B00 /* DataModel#8.2Tests */,
				35EAE442268341F100122B00 /* DataModel#8.2UITests */,
			);
		};
/* End PBXProject section */

/* Begin PBXResourcesBuildPhase section */
		35EAE425268341EF00122B00 /* Resources */ = {
			isa = PBXResourcesBuildPhase;
			buildActionMask = 2147483647;
			files = (
				35EAE432268341F100122B00 /* Preview Assets.xcassets in Resources */,
				35EAE42F268341F100122B00 /* Assets.xcassets in Resources */,
			);
			runOnlyForDeploymentPostprocessing = 0;
		};
		35EAE436268341F100122B00 /* Resources */ = {
			isa = PBXResourcesBuildPhase;
			buildActionMask = 2147483647;
			files = (
			);
			runOnlyForDeploymentPostprocessing = 0;
		};
		35EAE441268341F100122B00 /* Resources */ = {
			isa = PBXResourcesBuildPhase;
			buildActionMask = 2147483647;
			files = (
			);
			runOnlyForDeploymentPostprocessing = 0;
		};
/* End PBXResourcesBuildPhase section */

/* Begin PBXSourcesBuildPhase section */
		35EAE423268341EF00122B00 /* Sources */ = {
			isa = PBXSourcesBuildPhase;
			buildActionMask = 2147483647;
			files = (
				35EAE42D268341EF00122B00 /* ContentView.swift in Sources */,
				35EAE42B268341EF00122B00 /* DataModel_8_2App.swift in Sources */,
			);
			runOnlyForDeploymentPostprocessing = 0;
		};
		35EAE434268341F100122B00 /* Sources */ = {
			isa = PBXSourcesBuildPhase;
			buildActionMask = 2147483647;
			files = (
				35EAE43D268341F100122B00 /* DataModel_8_2Tests.swift in Sources */,
			);
			runOnlyForDeploymentPostprocessing = 0;
		};
		35EAE43F268341F100122B00 /* Sources */ = {
			isa = PBXSourcesBuildPhase;
			buildActionMask = 2147483647;
			files = (
				35EAE448268341F100122B00 /* DataModel_8_2UITests.swift in Sources */,
			);
			runOnlyForDeploymentPostprocessing = 0;
		};
/* End PBXSourcesBuildPhase section */

/* Begin PBXTargetDependency section */
		35EAE43A268341F100122B00 /* PBXTargetDependency */ = {
			isa = PBXTargetDependency;
			target = 35EAE426268341EF00122B00 /* DataModel#8.2 */;
			targetProxy = 35EAE439268341F100122B00 /* PBXContainerItemProxy */;
		};
		35EAE445268341F100122B00 /* PBXTargetDependency */ = {
			isa = PBXTargetDependency;
			target = 35EAE426268341EF00122B00 /* DataModel#8.2 */;
			targetProxy = 35EAE444268341F100122B00 /* PBXContainerItemProxy */;
		};
/* End PBXTargetDependency section */

/* Begin XCBuildConfiguration section */
		35EAE44A268341F100122B00 /* Debug */ = {
			isa = XCBuildConfiguration;
			buildSettings = {
				ALWAYS_SEARCH_USER_PATHS = NO;
				CLANG_ANALYZER_NONNULL = YES;
				CLANG_ANALYZER_NUMBER_OBJECT_CONVERSION = YES_AGGRESSIVE;
				CLANG_CXX_LANGUAGE_STANDARD = "gnu++14";
				CLANG_CXX_LIBRARY = "libc++";
				CLANG_ENABLE_MODULES = YES;
				CLANG_ENABLE_OBJC_ARC = YES;
				CLANG_ENABLE_OBJC_WEAK = YES;
				CLANG_WARN_BLOCK_CAPTURE_AUTORELEASING = YES;
				CLANG_WARN_BOOL_CONVERSION = YES;
				CLANG_WARN_COMMA = YES;
				CLANG_WARN_CONSTANT_CONVERSION = YES;
				CLANG_WARN_DEPRECATED_OBJC_IMPLEMENTATIONS = YES;
				CLANG_WARN_DIRECT_OBJC_ISA_USAGE = YES_ERROR;
				CLANG_WARN_DOCUMENTATION_COMMENTS = YES;
				CLANG_WARN_EMPTY_BODY = YES;
				CLANG_WARN_ENUM_CONVERSION = YES;
				CLANG_WARN_INFINITE_RECURSION = YES;
				CLANG_WARN_INT_CONVERSION = YES;
				CLANG_WARN_NON_LITERAL_NULL_CONVERSION = YES;
				CLANG_WARN_OBJC_IMPLICIT_RETAIN_SELF = YES;
				CLANG_WARN_OBJC_LITERAL_CONVERSION = YES;
				CLANG_WARN_OBJC_ROOT_CLASS = YES_ERROR;
				CLANG_WARN_QUOTED_INCLUDE_IN_FRAMEWORK_HEADER = YES;
				CLANG_WARN_RANGE_LOOP_ANALYSIS = YES;
				CLANG_WARN_STRICT_PROTOTYPES = YES;
				CLANG_WARN_SUSPICIOUS_MOVE = YES;
				CLANG_WARN_UNGUARDED_AVAILABILITY = YES_AGGRESSIVE;
				CLANG_WARN_UNREACHABLE_CODE = YES;
				CLANG_WARN__DUPLICATE_METHOD_MATCH = YES;
				COPY_PHASE_STRIP = NO;
				DEBUG_INFORMATION_FORMAT = dwarf;
				ENABLE_STRICT_OBJC_MSGSEND = YES;
				ENABLE_TESTABILITY = YES;
				GCC_C_LANGUAGE_STANDARD = gnu11;
				GCC_DYNAMIC_NO_PIC = NO;
				GCC_NO_COMMON_BLOCKS = YES;
				GCC_OPTIMIZATION_LEVEL = 0;
				GCC_PREPROCESSOR_DEFINITIONS = (
					"DEBUG=1",
					"$(inherited)",
				);
				GCC_WARN_64_TO_32_BIT_CONVERSION = YES;
				GCC_WARN_ABOUT_RETURN_TYPE = YES_ERROR;
				GCC_WARN_UNDECLARED_SELECTOR = YES;
				GCC_WARN_UNINITIALIZED_AUTOS = YES_AGGRESSIVE;
				GCC_WARN_UNUSED_FUNCTION = YES;
				GCC_WARN_UNUSED_VARIABLE = YES;
				IPHONEOS_DEPLOYMENT_TARGET = 14.5;
				MTL_ENABLE_DEBUG_INFO = INCLUDE_SOURCE;
				MTL_FAST_MATH = YES;
				ONLY_ACTIVE_ARCH = YES;
				SDKROOT = iphoneos;
				SWIFT_ACTIVE_COMPILATION_CONDITIONS = DEBUG;
				SWIFT_OPTIMIZATION_LEVEL = "-Onone";
			};
			name = Debug;
		};
		35EAE44B268341F100122B00 /* Release */ = {
			isa = XCBuildConfiguration;
			buildSettings = {
				ALWAYS_SEARCH_USER_PATHS = NO;
				CLANG_ANALYZER_NONNULL = YES;
				CLANG_ANALYZER_NUMBER_OBJECT_CONVERSION = YES_AGGRESSIVE;
				CLANG_CXX_LANGUAGE_STANDARD = "gnu++14";
				CLANG_CXX_LIBRARY = "libc++";
				CLANG_ENABLE_MODULES = YES;
				CLANG_ENABLE_OBJC_ARC = YES;
				CLANG_ENABLE_OBJC_WEAK = YES;
				CLANG_WARN_BLOCK_CAPTURE_AUTORELEASING = YES;
				CLANG_WARN_BOOL_CONVERSION = YES;
				CLANG_WARN_COMMA = YES;
				CLANG_WARN_CONSTANT_CONVERSION = YES;
				CLANG_WARN_DEPRECATED_OBJC_IMPLEMENTATIONS = YES;
				CLANG_WARN_DIRECT_OBJC_ISA_USAGE = YES_ERROR;
				CLANG_WARN_DOCUMENTATION_COMMENTS = YES;
				CLANG_WARN_EMPTY_BODY = YES;
				CLANG_WARN_ENUM_CONVERSION = YES;
				CLANG_WARN_INFINITE_RECURSION = YES;
				CLANG_WARN_INT_CONVERSION = YES;
				CLANG_WARN_NON_LITERAL_NULL_CONVERSION = YES;
				CLANG_WARN_OBJC_IMPLICIT_RETAIN_SELF = YES;
				CLANG_WARN_OBJC_LITERAL_CONVERSION = YES;
				CLANG_WARN_OBJC_ROOT_CLASS = YES_ERROR;
				CLANG_WARN_QUOTED_INCLUDE_IN_FRAMEWORK_HEADER = YES;
				CLANG_WARN_RANGE_LOOP_ANALYSIS = YES;
				CLANG_WARN_STRICT_PROTOTYPES = YES;
				CLANG_WARN_SUSPICIOUS_MOVE = YES;
				CLANG_WARN_UNGUARDED_AVAILABILITY = YES_AGGRESSIVE;
				CLANG_WARN_UNREACHABLE_CODE = YES;
				CLANG_WARN__DUPLICATE_METHOD_MATCH = YES;
				COPY_PHASE_STRIP = NO;
				DEBUG_INFORMATION_FORMAT = "dwarf-with-dsym";
				ENABLE_NS_ASSERTIONS = NO;
				ENABLE_STRICT_OBJC_MSGSEND = YES;
				GCC_C_LANGUAGE_STANDARD = gnu11;
				GCC_NO_COMMON_BLOCKS = YES;
				GCC_WARN_64_TO_32_BIT_CONVERSION = YES;
				GCC_WARN_ABOUT_RETURN_TYPE = YES_ERROR;
				GCC_WARN_UNDECLARED_SELECTOR = YES;
				GCC_WARN_UNINITIALIZED_AUTOS = YES_AGGRESSIVE;
				GCC_WARN_UNUSED_FUNCTION = YES;
				GCC_WARN_UNUSED_VARIABLE = YES;
				IPHONEOS_DEPLOYMENT_TARGET = 14.5;
				MTL_ENABLE_DEBUG_INFO = NO;
				MTL_FAST_MATH = YES;
				SDKROOT = iphoneos;
				SWIFT_COMPILATION_MODE = wholemodule;
				SWIFT_OPTIMIZATION_LEVEL = "-O";
				VALIDATE_PRODUCT = YES;
			};
			name = Release;
		};
		35EAE44D268341F100122B00 /* Debug */ = {
			isa = XCBuildConfiguration;
			buildSettings = {
				ASSETCATALOG_COMPILER_APPICON_NAME = AppIcon;
				ASSETCATALOG_COMPILER_GLOBAL_ACCENT_COLOR_NAME = AccentColor;
				CODE_SIGN_STYLE = Automatic;
				DEVELOPMENT_ASSET_PATHS = "\"DataModel#8.2/Preview Content\"";
				ENABLE_PREVIEWS = YES;
				INFOPLIST_FILE = "DataModel#8.2/Info.plist";
				IPHONEOS_DEPLOYMENT_TARGET = 14.0;
				LD_RUNPATH_SEARCH_PATHS = (
					"$(inherited)",
					"@executable_path/Frameworks",
				);
				PRODUCT_BUNDLE_IDENTIFIER = "test02.DataModel-8-2";
				PRODUCT_NAME = "$(TARGET_NAME)";
				SWIFT_VERSION = 5.0;
				TARGETED_DEVICE_FAMILY = "1,2";
			};
			name = Debug;
		};
		35EAE44E268341F100122B00 /* Release */ = {
			isa = XCBuildConfiguration;
			buildSettings = {
				ASSETCATALOG_COMPILER_APPICON_NAME = AppIcon;
				ASSETCATALOG_COMPILER_GLOBAL_ACCENT_COLOR_NAME = AccentColor;
				CODE_SIGN_STYLE = Automatic;
				DEVELOPMENT_ASSET_PATHS = "\"DataModel#8.2/Preview Content\"";
				ENABLE_PREVIEWS = YES;
				INFOPLIST_FILE = "DataModel#8.2/Info.plist";
				IPHONEOS_DEPLOYMENT_TARGET = 14.0;
				LD_RUNPATH_SEARCH_PATHS = (
					"$(inherited)",
					"@executable_path/Frameworks",
				);
				PRODUCT_BUNDLE_IDENTIFIER = "test02.DataModel-8-2";
				PRODUCT_NAME = "$(TARGET_NAME)";
				SWIFT_VERSION = 5.0;
				TARGETED_DEVICE_FAMILY = "1,2";
			};
			name = Release;
		};
		35EAE450268341F100122B00 /* Debug */ = {
			isa = XCBuildConfiguration;
			buildSettings = {
				ALWAYS_EMBED_SWIFT_STANDARD_LIBRARIES = YES;
				BUNDLE_LOADER = "$(TEST_HOST)";
				CODE_SIGN_STYLE = Automatic;
				INFOPLIST_FILE = "DataModel#8.2Tests/Info.plist";
				IPHONEOS_DEPLOYMENT_TARGET = 14.0;
				LD_RUNPATH_SEARCH_PATHS = (
					"$(inherited)",
					"@executable_path/Frameworks",
					"@loader_path/Frameworks",
				);
				PRODUCT_BUNDLE_IDENTIFIER = "test02.DataModel-8-2Tests";
				PRODUCT_NAME = "$(TARGET_NAME)";
				SWIFT_VERSION = 5.0;
				TARGETED_DEVICE_FAMILY = "1,2";
				TEST_HOST = "$(BUILT_PRODUCTS_DIR)/DataModel#8.2.app/DataModel#8.2";
			};
			name = Debug;
		};
		35EAE451268341F100122B00 /* Release */ = {
			isa = XCBuildConfiguration;
			buildSettings = {
				ALWAYS_EMBED_SWIFT_STANDARD_LIBRARIES = YES;
				BUNDLE_LOADER = "$(TEST_HOST)";
				CODE_SIGN_STYLE = Automatic;
				INFOPLIST_FILE = "DataModel#8.2Tests/Info.plist";
				IPHONEOS_DEPLOYMENT_TARGET = 14.0;
				LD_RUNPATH_SEARCH_PATHS = (
					"$(inherited)",
					"@executable_path/Frameworks",
					"@loader_path/Frameworks",
				);
				PRODUCT_BUNDLE_IDENTIFIER = "test02.DataModel-8-2Tests";
				PRODUCT_NAME = "$(TARGET_NAME)";
				SWIFT_VERSION = 5.0;
				TARGETED_DEVICE_FAMILY = "1,2";
				TEST_HOST = "$(BUILT_PRODUCTS_DIR)/DataModel#8.2.app/DataModel#8.2";
			};
			name = Release;
		};
		35EAE453268341F100122B00 /* Debug */ = {
			isa = XCBuildConfiguration;
			buildSettings = {
				ALWAYS_EMBED_SWIFT_STANDARD_LIBRARIES = YES;
				CODE_SIGN_STYLE = Automatic;
				INFOPLIST_FILE = "DataModel#8.2UITests/Info.plist";
				LD_RUNPATH_SEARCH_PATHS = (
					"$(inherited)",
					"@executable_path/Frameworks",
					"@loader_path/Frameworks",
				);
				PRODUCT_BUNDLE_IDENTIFIER = "test02.DataModel-8-2UITests";
				PRODUCT_NAME = "$(TARGET_NAME)";
				SWIFT_VERSION = 5.0;
				TARGETED_DEVICE_FAMILY = "1,2";
				TEST_TARGET_NAME = "DataModel#8.2";
			};
			name = Debug;
		};
		35EAE454268341F100122B00 /* Release */ = {
			isa = XCBuildConfiguration;
			buildSettings = {
				ALWAYS_EMBED_SWIFT_STANDARD_LIBRARIES = YES;
				CODE_SIGN_STYLE = Automatic;
				INFOPLIST_FILE = "DataModel#8.2UITests/Info.plist";
				LD_RUNPATH_SEARCH_PATHS = (
					"$(inherited)",
					"@executable_path/Frameworks",
					"@loader_path/Frameworks",
				);
				PRODUCT_BUNDLE_IDENTIFIER = "test02.DataModel-8-2UITests";
				PRODUCT_NAME = "$(TARGET_NAME)";
				SWIFT_VERSION = 5.0;
				TARGETED_DEVICE_FAMILY = "1,2";
				TEST_TARGET_NAME = "DataModel#8.2";
			};
			name = Release;
		};
/* End XCBuildConfiguration section */

/* Begin XCConfigurationList section */
		35EAE422268341EF00122B00 /* Build configuration list for PBXProject "DataModel#8.2" */ = {
			isa = XCConfigurationList;
			buildConfigurations = (
				35EAE44A268341F100122B00 /* Debug */,
				35EAE44B268341F100122B00 /* Release */,
			);
			defaultConfigurationIsVisible = 0;
			defaultConfigurationName = Release;
		};
		35EAE44C268341F100122B00 /* Build configuration list for PBXNativeTarget "DataModel#8.2" */ = {
			isa = XCConfigurationList;
			buildConfigurations = (
				35EAE44D268341F100122B00 /* Debug */,
				35EAE44E268341F100122B00 /* Release */,
			);
			defaultConfigurationIsVisible = 0;
			defaultConfigurationName = Release;
		};
		35EAE44F268341F100122B00 /* Build configuration list for PBXNativeTarget "DataModel#8.2Tests" */ = {
			isa = XCConfigurationList;
			buildConfigurations = (
				35EAE450268341F100122B00 /* Debug */,
				35EAE451268341F100122B00 /* Release */,
			);
			defaultConfigurationIsVisible = 0;
			defaultConfigurationName = Release;
		};
		35EAE452268341F100122B00 /* Build configuration list for PBXNativeTarget "DataModel#8.2UITests" */ = {
			isa = XCConfigurationList;
			buildConfigurations = (
				35EAE453268341F100122B00 /* Debug */,
				35EAE454268341F100122B00 /* Release */,
			);
			defaultConfigurationIsVisible = 0;
			defaultConfigurationName = Release;
		};
/* End XCConfigurationList section */
	};
	rootObject = 35EAE41F268341EF00122B00 /* Project object */;
}
